
Microsoft Visual Studio Solution File, Format Version 12.00
# Visual Studio Version 17
VisualStudioVersion = 17.7.34202.233
MinimumVisualStudioVersion = 10.0.40219.1
Project("{FAE04EC0-301F-11D3-BF4B-00C04F79EFBC}") = "WebApiComServicoEmBackground", "WebApiComServicoEmBackground\WebApiComServicoEmBackground.csproj", "{19927658-6AF6-409F-A58E-B7C34B474D5C}"
EndProject
Project("{FAE04EC0-301F-11D3-BF4B-00C04F79EFBC}") = "Service", "Service\Service.csproj", "{566EE776-4247-4508-A593-501AA4CF910C}"
EndProject
Project("{FAE04EC0-301F-11D3-BF4B-00C04F79EFBC}") = "Domain", "Domain\Domain.csproj", "{183ECD99-CD4C-46E7-88E7-DA830B0F957C}"
EndProject
Global
	GlobalSection(SolutionConfigurationPlatforms) = preSolution
		Debug|Any CPU = Debug|Any CPU
		Release|Any CPU = Release|Any CPU
	EndGlobalSection
	GlobalSection(ProjectConfigurationPlatforms) = postSolution
		{19927658-6AF6-409F-A58E-B7C34B474D5C}.Debug|Any CPU.ActiveCfg = Debug|Any CPU
		{19927658-6AF6-409F-A58E-B7C34B474D5C}.Debug|Any CPU.Build.0 = Debug|Any CPU
		{19927658-6AF6-409F-A58E-B7C34B474D5C}.Release|Any CPU.ActiveCfg = Release|Any CPU
		{19927658-6AF6-409F-A58E-B7C34B474D5C}.Release|Any CPU.Build.0 = Release|Any CPU
		{566EE776-4247-4508-A593-501AA4CF910C}.Debug|Any CPU.ActiveCfg = Debug|Any CPU
		{566EE776-4247-4508-A593-501AA4CF910C}.Debug|Any CPU.Build.0 = Debug|Any CPU
		{566EE776-4247-4508-A593-501AA4CF910C}.Release|Any CPU.ActiveCfg = Release|Any CPU
		{566EE776-4247-4508-A593-501AA4CF910C}.Release|Any CPU.Build.0 = Release|Any CPU
		{183ECD99-CD4C-46E7-88E7-DA830B0F957C}.Debug|Any CPU.ActiveCfg = Debug|Any CPU
		{183ECD99-CD4C-46E7-88E7-DA830B0F957C}.Debug|Any CPU.Build.0 = Debug|Any CPU
		{183ECD99-CD4C-46E7-88E7-DA830B0F957C}.Release|Any CPU.ActiveCfg = Release|Any CPU
		{183ECD99-CD4C-46E7-88E7-DA830B0F957C}.Release|Any CPU.Build.0 = Release|Any CPU
	EndGlobalSection
	GlobalSection(SolutionProperties) = preSolution
		HideSolutionNode = FALSE
	EndGlobalSection
	GlobalSection(ExtensibilityGlobals) = postSolution
		SolutionGuid = {0DE6F284-C1C1-47EB-B028-DAA635187133}
	EndGlobalSection
EndGlobal
